
Microsoft Visual Studio Solution File, Format Version 12.00
# Visual Studio 15
VisualStudioVersion = 15.0.28307.1169
MinimumVisualStudioVersion = 10.0.40219.1
Project("{FAE04EC0-301F-11D3-BF4B-00C04F79EFBC}") = "Ch1_ModApp", "Ch1_ModApp\Ch1_ModApp.csproj", "{5EDBF9B5-8AE5-4079-AF58-00BF97B4A777}"
EndProject
Project("{FAE04EC0-301F-11D3-BF4B-00C04F79EFBC}") = "Ch1_ModLog", "Ch1_ModLog\Ch1_ModLog.csproj", "{7B8D4F7C-A023-4E8D-BD06-68CC85D8EBF4}"
EndProject
Project("{FAE04EC0-301F-11D3-BF4B-00C04F79EFBC}") = "Ch2_IndexerTest", "Ch2_IndexerTest\Ch2_IndexerTest.csproj", "{39013D55-A105-4ECA-979E-63E02A756CAC}"
EndProject
Global
	GlobalSection(SolutionConfigurationPlatforms) = preSolution
		Debug|Any CPU = Debug|Any CPU
		Release|Any CPU = Release|Any CPU
	EndGlobalSection
	GlobalSection(ProjectConfigurationPlatforms) = postSolution
		{5EDBF9B5-8AE5-4079-AF58-00BF97B4A777}.Debug|Any CPU.ActiveCfg = Debug|Any CPU
		{5EDBF9B5-8AE5-4079-AF58-00BF97B4A777}.Debug|Any CPU.Build.0 = Debug|Any CPU
		{5EDBF9B5-8AE5-4079-AF58-00BF97B4A777}.Release|Any CPU.ActiveCfg = Release|Any CPU
		{5EDBF9B5-8AE5-4079-AF58-00BF97B4A777}.Release|Any CPU.Build.0 = Release|Any CPU
		{7B8D4F7C-A023-4E8D-BD06-68CC85D8EBF4}.Debug|Any CPU.ActiveCfg = Debug|Any CPU
		{7B8D4F7C-A023-4E8D-BD06-68CC85D8EBF4}.Debug|Any CPU.Build.0 = Debug|Any CPU
		{7B8D4F7C-A023-4E8D-BD06-68CC85D8EBF4}.Release|Any CPU.ActiveCfg = Release|Any CPU
		{7B8D4F7C-A023-4E8D-BD06-68CC85D8EBF4}.Release|Any CPU.Build.0 = Release|Any CPU
		{39013D55-A105-4ECA-979E-63E02A756CAC}.Debug|Any CPU.ActiveCfg = Debug|Any CPU
		{39013D55-A105-4ECA-979E-63E02A756CAC}.Debug|Any CPU.Build.0 = Debug|Any CPU
		{39013D55-A105-4ECA-979E-63E02A756CAC}.Release|Any CPU.ActiveCfg = Release|Any CPU
		{39013D55-A105-4ECA-979E-63E02A756CAC}.Release|Any CPU.Build.0 = Release|Any CPU
	EndGlobalSection
	GlobalSection(SolutionProperties) = preSolution
		HideSolutionNode = FALSE
	EndGlobalSection
	GlobalSection(ExtensibilityGlobals) = postSolution
		SolutionGuid = {D1698D1F-4547-4DBD-BDDA-782F6FCB31D0}
	EndGlobalSection
EndGlobal
