
Microsoft Visual Studio Solution File, Format Version 12.00
# Visual Studio 14
VisualStudioVersion = 14.0.25420.1
MinimumVisualStudioVersion = 10.0.40219.1
Project("{FAE04EC0-301F-11D3-BF4B-00C04F79EFBC}") = "Ch1_ModApp", "Ch1_ModApp\Ch1_ModApp.csproj", "{5EDBF9B5-8AE5-4079-AF58-00BF97B4A777}"
EndProject
Project("{FAE04EC0-301F-11D3-BF4B-00C04F79EFBC}") = "Ch1_ModLog", "Ch1_ModLog\Ch1_ModLog.csproj", "{7B8D4F7C-A023-4E8D-BD06-68CC85D8EBF4}"
EndProject
Project("{FAE04EC0-301F-11D3-BF4B-00C04F79EFBC}") = "Ch2_IndexerTest", "Ch2_IndexerTest\Ch2_IndexerTest.csproj", "{39013D55-A105-4ECA-979E-63E02A756CAC}"
EndProject
Project("{FAE04EC0-301F-11D3-BF4B-00C04F79EFBC}") = "Ch3_MsgApp", "Ch3_MsgApp\Ch3_MsgApp.csproj", "{0748B8C6-FC7A-4FE6-B3AC-9D30248462F0}"
EndProject
Project("{FAE04EC0-301F-11D3-BF4B-00C04F79EFBC}") = "Ch4_StaticTest", "Ch4_StaticTest\Ch4_StaticTest.csproj", "{2BEB30DF-8BBF-4A47-A25F-F3693FCD2D05}"
EndProject
Project("{FAE04EC0-301F-11D3-BF4B-00C04F79EFBC}") = "Ch5_GenTest", "Ch5_GenTest\Ch5_GenTest.csproj", "{05803832-159C-4C2B-A053-CDC8EB3F7610}"
EndProject
Project("{FAE04EC0-301F-11D3-BF4B-00C04F79EFBC}") = "Ch6_InterfaceTest", "Ch6_InterfaceTest\Ch6_InterfaceTest.csproj", "{6EB5DF26-46D5-4D07-AE48-D15F69646B4B}"
EndProject
Project("{FAE04EC0-301F-11D3-BF4B-00C04F79EFBC}") = "Ch7_MyPaint", "Ch7_MyPaint\Ch7_MyPaint.csproj", "{E0DA6687-23D6-4045-BED8-EDD6F6A14775}"
EndProject
Project("{FAE04EC0-301F-11D3-BF4B-00C04F79EFBC}") = "Ch7_MyPaintCustom1", "Ch7_MyPaintCustom1\Ch7_MyPaintCustom1.csproj", "{275FDC75-60F5-4EA8-BA52-7C3427F66420}"
EndProject
Project("{FAE04EC0-301F-11D3-BF4B-00C04F79EFBC}") = "Ch7_MyPaintItf", "MyPaintItf\Ch7_MyPaintItf.csproj", "{E686226E-7206-4541-B8F0-3C8AD6B93394}"
EndProject
Project("{FAE04EC0-301F-11D3-BF4B-00C04F79EFBC}") = "Ch8_DelegTest", "Ch8_DelegTest\Ch8_DelegTest.csproj", "{A91840E7-DFA4-4D42-B153-10BB2E24D74A}"
EndProject
Project("{FAE04EC0-301F-11D3-BF4B-00C04F79EFBC}") = "Ch9_AnoMeth", "Ch9_AnoMeth\Ch9_AnoMeth.csproj", "{EDFFBFDA-C429-4331-8F19-BBB14ED1FA5E}"
EndProject
Project("{FAE04EC0-301F-11D3-BF4B-00C04F79EFBC}") = "Ch10_LambdaTest", "Ch10_LambdaTest\Ch10_LambdaTest.csproj", "{1B704BBA-590B-4BC3-BDAB-27872C002FD9}"
EndProject
Project("{FAE04EC0-301F-11D3-BF4B-00C04F79EFBC}") = "Ch11_AnonyType", "Ch10_AnonyType\Ch11_AnonyType.csproj", "{3D752F2A-9B77-4E18-81DF-F283C03667A8}"
EndProject
Project("{FAE04EC0-301F-11D3-BF4B-00C04F79EFBC}") = "Ch12_ExtMth", "Ch12_ExtMth\Ch12_ExtMth.csproj", "{FEA44854-7EE9-404D-9F3C-9D930DBC8A6D}"
EndProject
Global
	GlobalSection(SolutionConfigurationPlatforms) = preSolution
		Debug|Any CPU = Debug|Any CPU
		Release|Any CPU = Release|Any CPU
	EndGlobalSection
	GlobalSection(ProjectConfigurationPlatforms) = postSolution
		{5EDBF9B5-8AE5-4079-AF58-00BF97B4A777}.Debug|Any CPU.ActiveCfg = Debug|Any CPU
		{5EDBF9B5-8AE5-4079-AF58-00BF97B4A777}.Debug|Any CPU.Build.0 = Debug|Any CPU
		{5EDBF9B5-8AE5-4079-AF58-00BF97B4A777}.Release|Any CPU.ActiveCfg = Release|Any CPU
		{5EDBF9B5-8AE5-4079-AF58-00BF97B4A777}.Release|Any CPU.Build.0 = Release|Any CPU
		{7B8D4F7C-A023-4E8D-BD06-68CC85D8EBF4}.Debug|Any CPU.ActiveCfg = Debug|Any CPU
		{7B8D4F7C-A023-4E8D-BD06-68CC85D8EBF4}.Debug|Any CPU.Build.0 = Debug|Any CPU
		{7B8D4F7C-A023-4E8D-BD06-68CC85D8EBF4}.Release|Any CPU.ActiveCfg = Release|Any CPU
		{7B8D4F7C-A023-4E8D-BD06-68CC85D8EBF4}.Release|Any CPU.Build.0 = Release|Any CPU
		{39013D55-A105-4ECA-979E-63E02A756CAC}.Debug|Any CPU.ActiveCfg = Debug|Any CPU
		{39013D55-A105-4ECA-979E-63E02A756CAC}.Debug|Any CPU.Build.0 = Debug|Any CPU
		{39013D55-A105-4ECA-979E-63E02A756CAC}.Release|Any CPU.ActiveCfg = Release|Any CPU
		{39013D55-A105-4ECA-979E-63E02A756CAC}.Release|Any CPU.Build.0 = Release|Any CPU
		{0748B8C6-FC7A-4FE6-B3AC-9D30248462F0}.Debug|Any CPU.ActiveCfg = Debug|Any CPU
		{0748B8C6-FC7A-4FE6-B3AC-9D30248462F0}.Debug|Any CPU.Build.0 = Debug|Any CPU
		{0748B8C6-FC7A-4FE6-B3AC-9D30248462F0}.Release|Any CPU.ActiveCfg = Release|Any CPU
		{0748B8C6-FC7A-4FE6-B3AC-9D30248462F0}.Release|Any CPU.Build.0 = Release|Any CPU
		{2BEB30DF-8BBF-4A47-A25F-F3693FCD2D05}.Debug|Any CPU.ActiveCfg = Debug|Any CPU
		{2BEB30DF-8BBF-4A47-A25F-F3693FCD2D05}.Debug|Any CPU.Build.0 = Debug|Any CPU
		{2BEB30DF-8BBF-4A47-A25F-F3693FCD2D05}.Release|Any CPU.ActiveCfg = Release|Any CPU
		{2BEB30DF-8BBF-4A47-A25F-F3693FCD2D05}.Release|Any CPU.Build.0 = Release|Any CPU
		{05803832-159C-4C2B-A053-CDC8EB3F7610}.Debug|Any CPU.ActiveCfg = Debug|Any CPU
		{05803832-159C-4C2B-A053-CDC8EB3F7610}.Debug|Any CPU.Build.0 = Debug|Any CPU
		{05803832-159C-4C2B-A053-CDC8EB3F7610}.Release|Any CPU.ActiveCfg = Release|Any CPU
		{05803832-159C-4C2B-A053-CDC8EB3F7610}.Release|Any CPU.Build.0 = Release|Any CPU
		{6EB5DF26-46D5-4D07-AE48-D15F69646B4B}.Debug|Any CPU.ActiveCfg = Debug|Any CPU
		{6EB5DF26-46D5-4D07-AE48-D15F69646B4B}.Debug|Any CPU.Build.0 = Debug|Any CPU
		{6EB5DF26-46D5-4D07-AE48-D15F69646B4B}.Release|Any CPU.ActiveCfg = Release|Any CPU
		{6EB5DF26-46D5-4D07-AE48-D15F69646B4B}.Release|Any CPU.Build.0 = Release|Any CPU
		{E0DA6687-23D6-4045-BED8-EDD6F6A14775}.Debug|Any CPU.ActiveCfg = Debug|Any CPU
		{E0DA6687-23D6-4045-BED8-EDD6F6A14775}.Debug|Any CPU.Build.0 = Debug|Any CPU
		{E0DA6687-23D6-4045-BED8-EDD6F6A14775}.Release|Any CPU.ActiveCfg = Release|Any CPU
		{E0DA6687-23D6-4045-BED8-EDD6F6A14775}.Release|Any CPU.Build.0 = Release|Any CPU
		{275FDC75-60F5-4EA8-BA52-7C3427F66420}.Debug|Any CPU.ActiveCfg = Debug|Any CPU
		{275FDC75-60F5-4EA8-BA52-7C3427F66420}.Debug|Any CPU.Build.0 = Debug|Any CPU
		{275FDC75-60F5-4EA8-BA52-7C3427F66420}.Release|Any CPU.ActiveCfg = Release|Any CPU
		{275FDC75-60F5-4EA8-BA52-7C3427F66420}.Release|Any CPU.Build.0 = Release|Any CPU
		{E686226E-7206-4541-B8F0-3C8AD6B93394}.Debug|Any CPU.ActiveCfg = Debug|Any CPU
		{E686226E-7206-4541-B8F0-3C8AD6B93394}.Debug|Any CPU.Build.0 = Debug|Any CPU
		{E686226E-7206-4541-B8F0-3C8AD6B93394}.Release|Any CPU.ActiveCfg = Release|Any CPU
		{E686226E-7206-4541-B8F0-3C8AD6B93394}.Release|Any CPU.Build.0 = Release|Any CPU
		{A91840E7-DFA4-4D42-B153-10BB2E24D74A}.Debug|Any CPU.ActiveCfg = Debug|Any CPU
		{A91840E7-DFA4-4D42-B153-10BB2E24D74A}.Debug|Any CPU.Build.0 = Debug|Any CPU
		{A91840E7-DFA4-4D42-B153-10BB2E24D74A}.Release|Any CPU.ActiveCfg = Release|Any CPU
		{A91840E7-DFA4-4D42-B153-10BB2E24D74A}.Release|Any CPU.Build.0 = Release|Any CPU
		{EDFFBFDA-C429-4331-8F19-BBB14ED1FA5E}.Debug|Any CPU.ActiveCfg = Debug|Any CPU
		{EDFFBFDA-C429-4331-8F19-BBB14ED1FA5E}.Debug|Any CPU.Build.0 = Debug|Any CPU
		{EDFFBFDA-C429-4331-8F19-BBB14ED1FA5E}.Release|Any CPU.ActiveCfg = Release|Any CPU
		{EDFFBFDA-C429-4331-8F19-BBB14ED1FA5E}.Release|Any CPU.Build.0 = Release|Any CPU
		{1B704BBA-590B-4BC3-BDAB-27872C002FD9}.Debug|Any CPU.ActiveCfg = Debug|Any CPU
		{1B704BBA-590B-4BC3-BDAB-27872C002FD9}.Debug|Any CPU.Build.0 = Debug|Any CPU
		{1B704BBA-590B-4BC3-BDAB-27872C002FD9}.Release|Any CPU.ActiveCfg = Release|Any CPU
		{1B704BBA-590B-4BC3-BDAB-27872C002FD9}.Release|Any CPU.Build.0 = Release|Any CPU
		{3D752F2A-9B77-4E18-81DF-F283C03667A8}.Debug|Any CPU.ActiveCfg = Debug|Any CPU
		{3D752F2A-9B77-4E18-81DF-F283C03667A8}.Debug|Any CPU.Build.0 = Debug|Any CPU
		{3D752F2A-9B77-4E18-81DF-F283C03667A8}.Release|Any CPU.ActiveCfg = Release|Any CPU
		{3D752F2A-9B77-4E18-81DF-F283C03667A8}.Release|Any CPU.Build.0 = Release|Any CPU
		{FEA44854-7EE9-404D-9F3C-9D930DBC8A6D}.Debug|Any CPU.ActiveCfg = Debug|Any CPU
		{FEA44854-7EE9-404D-9F3C-9D930DBC8A6D}.Debug|Any CPU.Build.0 = Debug|Any CPU
		{FEA44854-7EE9-404D-9F3C-9D930DBC8A6D}.Release|Any CPU.ActiveCfg = Release|Any CPU
		{FEA44854-7EE9-404D-9F3C-9D930DBC8A6D}.Release|Any CPU.Build.0 = Release|Any CPU
	EndGlobalSection
	GlobalSection(SolutionProperties) = preSolution
		HideSolutionNode = FALSE
	EndGlobalSection
	GlobalSection(ExtensibilityGlobals) = postSolution
		SolutionGuid = {D1698D1F-4547-4DBD-BDDA-782F6FCB31D0}
	EndGlobalSection
EndGlobal
